
Microsoft Visual Studio Solution File, Format Version 12.00
# Visual Studio Version 17
VisualStudioVersion = 17.8.34525.116
MinimumVisualStudioVersion = 10.0.40219.1
Project("{9A19103F-16F7-4668-BE54-9A1E7A4F7556}") = "paskaita_2", "paskaita_2\paskaita_2.csproj", "{4258E3DD-269E-4449-9E8B-D2F8AF2E5FD5}"
EndProject
Project("{9A19103F-16F7-4668-BE54-9A1E7A4F7556}") = "paskaita_1", "paskaita_1\paskaita_1.csproj", "{93B058D1-4859-4548-814E-1046EFD3ED3C}"
EndProject
Project("{9A19103F-16F7-4668-BE54-9A1E7A4F7556}") = "paskaita_3", "paskaita_3\paskaita_3.csproj", "{749647B5-A5A5-4D34-B647-783CA8B14D92}"
EndProject
Project("{9A19103F-16F7-4668-BE54-9A1E7A4F7556}") = "paskaita_4", "paskaita_4\paskaita_4.csproj", "{234D4EC1-3B0B-4C1F-A476-648D08D1B2E2}"
EndProject
Project("{9A19103F-16F7-4668-BE54-9A1E7A4F7556}") = "paskaita_5", "paskaita_5\paskaita_5.csproj", "{0E3F19E1-FBAC-4527-B6DA-9BECA3C08E09}"
EndProject
Project("{9A19103F-16F7-4668-BE54-9A1E7A4F7556}") = "paskaita_7_UnitTest", "paskaita_7_UnitTest\paskaita_7_UnitTest.csproj", "{79201019-B764-44E3-8C5F-724D8CC6A7B8}"
EndProject
Project("{9A19103F-16F7-4668-BE54-9A1E7A4F7556}") = "paskaita_7", "paskaita_7\paskaita_7.csproj", "{C9A08E99-2327-4243-A6F8-2F6C539D9275}"
EndProject
Project("{9A19103F-16F7-4668-BE54-9A1E7A4F7556}") = "paskaita_1Tests", "paskaita_1Tests\paskaita_1Tests.csproj", "{DB74B08B-7EF4-4E49-83F5-8845829C3C70}"
EndProject
Project("{9A19103F-16F7-4668-BE54-9A1E7A4F7556}") = "paskaita_2Tests", "paskaita_2Tests\paskaita_2Tests.csproj", "{563DD62E-9D2B-408E-B889-6A79833A31E5}"
EndProject
Project("{9A19103F-16F7-4668-BE54-9A1E7A4F7556}") = "paskaita_8_ref_out", "paskaita_8_ref_out\paskaita_8_ref_out.csproj", "{583BF921-FBDF-4F80-B49F-45423E14B97E}"
EndProject
Project("{9A19103F-16F7-4668-BE54-9A1E7A4F7556}") = "paskaita_9_for", "paskaita_9_for\paskaita_9_for.csproj", "{A29E220A-6EC8-4A22-866E-B2B1F5219AFC}"
EndProject
Project("{9A19103F-16F7-4668-BE54-9A1E7A4F7556}") = "paskaita_10_debug_string_builder", "paskaita_10_debug_string_builder\paskaita_10_debug_string_builder.csproj", "{71CD901A-BA54-486D-B45A-1F7A58C38788}"
EndProject
Project("{9A19103F-16F7-4668-BE54-9A1E7A4F7556}") = "paskaita_10_debug_string_builderTests", "paskaita_10_debug_string_builderTests\paskaita_10_debug_string_builderTests.csproj", "{CA4F7BD9-7C3A-49D1-B69B-B566359AF90B}"
EndProject
Project("{FAE04EC0-301F-11D3-BF4B-00C04F79EFBC}") = "paskaita_12_array", "paskaita_12_array\paskaita_12_array.csproj", "{049CBC25-B3AA-415C-A30E-CCAA748EF5A7}"
EndProject
Global
	GlobalSection(SolutionConfigurationPlatforms) = preSolution
		Debug|Any CPU = Debug|Any CPU
		Release|Any CPU = Release|Any CPU
	EndGlobalSection
	GlobalSection(ProjectConfigurationPlatforms) = postSolution
		{4258E3DD-269E-4449-9E8B-D2F8AF2E5FD5}.Debug|Any CPU.ActiveCfg = Debug|Any CPU
		{4258E3DD-269E-4449-9E8B-D2F8AF2E5FD5}.Debug|Any CPU.Build.0 = Debug|Any CPU
		{4258E3DD-269E-4449-9E8B-D2F8AF2E5FD5}.Release|Any CPU.ActiveCfg = Release|Any CPU
		{4258E3DD-269E-4449-9E8B-D2F8AF2E5FD5}.Release|Any CPU.Build.0 = Release|Any CPU
		{93B058D1-4859-4548-814E-1046EFD3ED3C}.Debug|Any CPU.ActiveCfg = Debug|Any CPU
		{93B058D1-4859-4548-814E-1046EFD3ED3C}.Debug|Any CPU.Build.0 = Debug|Any CPU
		{93B058D1-4859-4548-814E-1046EFD3ED3C}.Release|Any CPU.ActiveCfg = Release|Any CPU
		{93B058D1-4859-4548-814E-1046EFD3ED3C}.Release|Any CPU.Build.0 = Release|Any CPU
		{749647B5-A5A5-4D34-B647-783CA8B14D92}.Debug|Any CPU.ActiveCfg = Debug|Any CPU
		{749647B5-A5A5-4D34-B647-783CA8B14D92}.Debug|Any CPU.Build.0 = Debug|Any CPU
		{749647B5-A5A5-4D34-B647-783CA8B14D92}.Release|Any CPU.ActiveCfg = Release|Any CPU
		{749647B5-A5A5-4D34-B647-783CA8B14D92}.Release|Any CPU.Build.0 = Release|Any CPU
		{234D4EC1-3B0B-4C1F-A476-648D08D1B2E2}.Debug|Any CPU.ActiveCfg = Debug|Any CPU
		{234D4EC1-3B0B-4C1F-A476-648D08D1B2E2}.Debug|Any CPU.Build.0 = Debug|Any CPU
		{234D4EC1-3B0B-4C1F-A476-648D08D1B2E2}.Release|Any CPU.ActiveCfg = Release|Any CPU
		{234D4EC1-3B0B-4C1F-A476-648D08D1B2E2}.Release|Any CPU.Build.0 = Release|Any CPU
		{0E3F19E1-FBAC-4527-B6DA-9BECA3C08E09}.Debug|Any CPU.ActiveCfg = Debug|Any CPU
		{0E3F19E1-FBAC-4527-B6DA-9BECA3C08E09}.Debug|Any CPU.Build.0 = Debug|Any CPU
		{0E3F19E1-FBAC-4527-B6DA-9BECA3C08E09}.Release|Any CPU.ActiveCfg = Release|Any CPU
		{0E3F19E1-FBAC-4527-B6DA-9BECA3C08E09}.Release|Any CPU.Build.0 = Release|Any CPU
		{79201019-B764-44E3-8C5F-724D8CC6A7B8}.Debug|Any CPU.ActiveCfg = Debug|Any CPU
		{79201019-B764-44E3-8C5F-724D8CC6A7B8}.Debug|Any CPU.Build.0 = Debug|Any CPU
		{79201019-B764-44E3-8C5F-724D8CC6A7B8}.Release|Any CPU.ActiveCfg = Release|Any CPU
		{79201019-B764-44E3-8C5F-724D8CC6A7B8}.Release|Any CPU.Build.0 = Release|Any CPU
		{C9A08E99-2327-4243-A6F8-2F6C539D9275}.Debug|Any CPU.ActiveCfg = Debug|Any CPU
		{C9A08E99-2327-4243-A6F8-2F6C539D9275}.Debug|Any CPU.Build.0 = Debug|Any CPU
		{C9A08E99-2327-4243-A6F8-2F6C539D9275}.Release|Any CPU.ActiveCfg = Release|Any CPU
		{C9A08E99-2327-4243-A6F8-2F6C539D9275}.Release|Any CPU.Build.0 = Release|Any CPU
		{DB74B08B-7EF4-4E49-83F5-8845829C3C70}.Debug|Any CPU.ActiveCfg = Debug|Any CPU
		{DB74B08B-7EF4-4E49-83F5-8845829C3C70}.Debug|Any CPU.Build.0 = Debug|Any CPU
		{DB74B08B-7EF4-4E49-83F5-8845829C3C70}.Release|Any CPU.ActiveCfg = Release|Any CPU
		{DB74B08B-7EF4-4E49-83F5-8845829C3C70}.Release|Any CPU.Build.0 = Release|Any CPU
		{563DD62E-9D2B-408E-B889-6A79833A31E5}.Debug|Any CPU.ActiveCfg = Debug|Any CPU
		{563DD62E-9D2B-408E-B889-6A79833A31E5}.Debug|Any CPU.Build.0 = Debug|Any CPU
		{563DD62E-9D2B-408E-B889-6A79833A31E5}.Release|Any CPU.ActiveCfg = Release|Any CPU
		{563DD62E-9D2B-408E-B889-6A79833A31E5}.Release|Any CPU.Build.0 = Release|Any CPU
		{583BF921-FBDF-4F80-B49F-45423E14B97E}.Debug|Any CPU.ActiveCfg = Debug|Any CPU
		{583BF921-FBDF-4F80-B49F-45423E14B97E}.Debug|Any CPU.Build.0 = Debug|Any CPU
		{583BF921-FBDF-4F80-B49F-45423E14B97E}.Release|Any CPU.ActiveCfg = Release|Any CPU
		{583BF921-FBDF-4F80-B49F-45423E14B97E}.Release|Any CPU.Build.0 = Release|Any CPU
		{A29E220A-6EC8-4A22-866E-B2B1F5219AFC}.Debug|Any CPU.ActiveCfg = Debug|Any CPU
		{A29E220A-6EC8-4A22-866E-B2B1F5219AFC}.Debug|Any CPU.Build.0 = Debug|Any CPU
		{A29E220A-6EC8-4A22-866E-B2B1F5219AFC}.Release|Any CPU.ActiveCfg = Release|Any CPU
		{A29E220A-6EC8-4A22-866E-B2B1F5219AFC}.Release|Any CPU.Build.0 = Release|Any CPU
		{71CD901A-BA54-486D-B45A-1F7A58C38788}.Debug|Any CPU.ActiveCfg = Debug|Any CPU
		{71CD901A-BA54-486D-B45A-1F7A58C38788}.Debug|Any CPU.Build.0 = Debug|Any CPU
		{71CD901A-BA54-486D-B45A-1F7A58C38788}.Release|Any CPU.ActiveCfg = Release|Any CPU
		{71CD901A-BA54-486D-B45A-1F7A58C38788}.Release|Any CPU.Build.0 = Release|Any CPU
		{CA4F7BD9-7C3A-49D1-B69B-B566359AF90B}.Debug|Any CPU.ActiveCfg = Debug|Any CPU
		{CA4F7BD9-7C3A-49D1-B69B-B566359AF90B}.Debug|Any CPU.Build.0 = Debug|Any CPU
		{CA4F7BD9-7C3A-49D1-B69B-B566359AF90B}.Release|Any CPU.ActiveCfg = Release|Any CPU
		{CA4F7BD9-7C3A-49D1-B69B-B566359AF90B}.Release|Any CPU.Build.0 = Release|Any CPU
		{049CBC25-B3AA-415C-A30E-CCAA748EF5A7}.Debug|Any CPU.ActiveCfg = Debug|Any CPU
		{049CBC25-B3AA-415C-A30E-CCAA748EF5A7}.Debug|Any CPU.Build.0 = Debug|Any CPU
		{049CBC25-B3AA-415C-A30E-CCAA748EF5A7}.Release|Any CPU.ActiveCfg = Release|Any CPU
		{049CBC25-B3AA-415C-A30E-CCAA748EF5A7}.Release|Any CPU.Build.0 = Release|Any CPU
	EndGlobalSection
	GlobalSection(SolutionProperties) = preSolution
		HideSolutionNode = FALSE
	EndGlobalSection
	GlobalSection(ExtensibilityGlobals) = postSolution
		SolutionGuid = {4362997D-F84B-4740-A42C-4DC48D84B80B}
	EndGlobalSection
EndGlobal
