
Microsoft Visual Studio Solution File, Format Version 12.00
# Visual Studio Version 17
VisualStudioVersion = 17.9.34902.65
MinimumVisualStudioVersion = 10.0.40219.1
Project("{9A19103F-16F7-4668-BE54-9A1E7A4F7556}") = "Paskaita_1_OOP_class_constructor", "Paskaita_1_OOP_class_constructor\Paskaita_1_OOP_class_constructor.csproj", "{89C5D902-FB18-4B02-95A8-50E761E1C951}"
EndProject
Project("{9A19103F-16F7-4668-BE54-9A1E7A4F7556}") = "Paskaita_2_class_methods", "Paskaita_2_class_methods\Paskaita_2_class_methods.csproj", "{AC017064-38AD-41C8-A77D-AB1E80F2DABF}"
EndProject
Project("{9A19103F-16F7-4668-BE54-9A1E7A4F7556}") = "Paskaita_3_inheritance", "Paskaita_3_inheritance\Paskaita_3_inheritance.csproj", "{924E05B1-A806-48F4-81B9-2DDBD47A2C9A}"
EndProject
Project("{9A19103F-16F7-4668-BE54-9A1E7A4F7556}") = "Paskaita_4_abstraction", "Paskaita_4_abstraction\Paskaita_4_abstraction.csproj", "{69AFEAB8-CAE1-48E8-8F68-08A1F9ECA390}"
EndProject
Project("{9A19103F-16F7-4668-BE54-9A1E7A4F7556}") = "Paskaita_5_access_modifiers", "Paskaita_5_access_modifiers\Paskaita_5_access_modifiers.csproj", "{50DC6DB7-4F2E-408F-8D1B-33DBDC5B9870}"
EndProject
Project("{9A19103F-16F7-4668-BE54-9A1E7A4F7556}") = "Paskaita_6_streams_files", "Paskaita_6_streams_files\Paskaita_6_streams_files.csproj", "{4AD9A077-1E4E-47E3-AC9D-7CAE6E80B0FD}"
EndProject
Project("{9A19103F-16F7-4668-BE54-9A1E7A4F7556}") = "Projektas_mini", "mini_project\Projektas_mini.csproj", "{5260C1B7-7E09-4A24-9B3E-87FDD7859704}"
EndProject
Project("{9A19103F-16F7-4668-BE54-9A1E7A4F7556}") = "Paskaita_7_generic", "Paskaita_7_generic\Paskaita_7_generic.csproj", "{719DB3B5-8913-48FA-AA68-AE30F688FFA2}"
EndProject
Project("{9A19103F-16F7-4668-BE54-9A1E7A4F7556}") = "Projektas_doomsday_warehouse", "project_doomsday_warehouse\Projektas_doomsday_warehouse.csproj", "{723DA7D2-C7A3-4610-BA00-FBC9D3FF798B}"
EndProject
Project("{9A19103F-16F7-4668-BE54-9A1E7A4F7556}") = "Paskaita_8_exceptions", "Paskaita_8_exceptions\Paskaita_8_exceptions.csproj", "{7E17693C-381D-4DD9-8D34-429BF941A431}"
EndProject
Project("{9A19103F-16F7-4668-BE54-9A1E7A4F7556}") = "Paskaita_9_extensions", "Paskaita_9_extensions\Paskaita_9_extensions.csproj", "{CA8A77C8-7DD6-4163-B893-CB5DC6FD7A5B}"
EndProject
Project("{9A19103F-16F7-4668-BE54-9A1E7A4F7556}") = "Paskaita_10_delegates", "Paskaita_10_delegates\Paskaita_10_delegates.csproj", "{B7721BEF-CF04-4105-8EFD-5EBA96E02C91}"
EndProject
Project("{9A19103F-16F7-4668-BE54-9A1E7A4F7556}") = "Paskaita_11_linq", "Paskaita_11_linq\Paskaita_11_linq.csproj", "{2B367079-B5DC-45E2-A19D-9A39D67CA1BD}"
EndProject
Project("{9A19103F-16F7-4668-BE54-9A1E7A4F7556}") = "Paskaita_12_interfaces_icomparer", "Paskaita_12_interfaces_icomparer\Paskaita_12_interfaces_icomparer.csproj", "{B3713DB3-6709-4450-8BAD-C802B756D54A}"
EndProject
Project("{9A19103F-16F7-4668-BE54-9A1E7A4F7556}") = "Task_logger", "Task_logger\Task_logger.csproj", "{7C97B69D-D398-4909-BF17-668D22252708}"
EndProject
Project("{9A19103F-16F7-4668-BE54-9A1E7A4F7556}") = "Projektas_bankomatas", "Projektas_bankomatas\Projektas_bankomatas.csproj", "{F040F582-EA6F-494B-B2CD-E2F03D86D036}"
EndProject
Global
	GlobalSection(SolutionConfigurationPlatforms) = preSolution
		Debug|Any CPU = Debug|Any CPU
		Release|Any CPU = Release|Any CPU
	EndGlobalSection
	GlobalSection(ProjectConfigurationPlatforms) = postSolution
		{89C5D902-FB18-4B02-95A8-50E761E1C951}.Debug|Any CPU.ActiveCfg = Debug|Any CPU
		{89C5D902-FB18-4B02-95A8-50E761E1C951}.Debug|Any CPU.Build.0 = Debug|Any CPU
		{89C5D902-FB18-4B02-95A8-50E761E1C951}.Release|Any CPU.ActiveCfg = Release|Any CPU
		{89C5D902-FB18-4B02-95A8-50E761E1C951}.Release|Any CPU.Build.0 = Release|Any CPU
		{AC017064-38AD-41C8-A77D-AB1E80F2DABF}.Debug|Any CPU.ActiveCfg = Debug|Any CPU
		{AC017064-38AD-41C8-A77D-AB1E80F2DABF}.Debug|Any CPU.Build.0 = Debug|Any CPU
		{AC017064-38AD-41C8-A77D-AB1E80F2DABF}.Release|Any CPU.ActiveCfg = Release|Any CPU
		{AC017064-38AD-41C8-A77D-AB1E80F2DABF}.Release|Any CPU.Build.0 = Release|Any CPU
		{924E05B1-A806-48F4-81B9-2DDBD47A2C9A}.Debug|Any CPU.ActiveCfg = Debug|Any CPU
		{924E05B1-A806-48F4-81B9-2DDBD47A2C9A}.Debug|Any CPU.Build.0 = Debug|Any CPU
		{924E05B1-A806-48F4-81B9-2DDBD47A2C9A}.Release|Any CPU.ActiveCfg = Release|Any CPU
		{924E05B1-A806-48F4-81B9-2DDBD47A2C9A}.Release|Any CPU.Build.0 = Release|Any CPU
		{69AFEAB8-CAE1-48E8-8F68-08A1F9ECA390}.Debug|Any CPU.ActiveCfg = Debug|Any CPU
		{69AFEAB8-CAE1-48E8-8F68-08A1F9ECA390}.Debug|Any CPU.Build.0 = Debug|Any CPU
		{69AFEAB8-CAE1-48E8-8F68-08A1F9ECA390}.Release|Any CPU.ActiveCfg = Release|Any CPU
		{69AFEAB8-CAE1-48E8-8F68-08A1F9ECA390}.Release|Any CPU.Build.0 = Release|Any CPU
		{50DC6DB7-4F2E-408F-8D1B-33DBDC5B9870}.Debug|Any CPU.ActiveCfg = Debug|Any CPU
		{50DC6DB7-4F2E-408F-8D1B-33DBDC5B9870}.Debug|Any CPU.Build.0 = Debug|Any CPU
		{50DC6DB7-4F2E-408F-8D1B-33DBDC5B9870}.Release|Any CPU.ActiveCfg = Release|Any CPU
		{50DC6DB7-4F2E-408F-8D1B-33DBDC5B9870}.Release|Any CPU.Build.0 = Release|Any CPU
		{4AD9A077-1E4E-47E3-AC9D-7CAE6E80B0FD}.Debug|Any CPU.ActiveCfg = Debug|Any CPU
		{4AD9A077-1E4E-47E3-AC9D-7CAE6E80B0FD}.Debug|Any CPU.Build.0 = Debug|Any CPU
		{4AD9A077-1E4E-47E3-AC9D-7CAE6E80B0FD}.Release|Any CPU.ActiveCfg = Release|Any CPU
		{4AD9A077-1E4E-47E3-AC9D-7CAE6E80B0FD}.Release|Any CPU.Build.0 = Release|Any CPU
		{5260C1B7-7E09-4A24-9B3E-87FDD7859704}.Debug|Any CPU.ActiveCfg = Debug|Any CPU
		{5260C1B7-7E09-4A24-9B3E-87FDD7859704}.Debug|Any CPU.Build.0 = Debug|Any CPU
		{5260C1B7-7E09-4A24-9B3E-87FDD7859704}.Release|Any CPU.ActiveCfg = Release|Any CPU
		{5260C1B7-7E09-4A24-9B3E-87FDD7859704}.Release|Any CPU.Build.0 = Release|Any CPU
		{719DB3B5-8913-48FA-AA68-AE30F688FFA2}.Debug|Any CPU.ActiveCfg = Debug|Any CPU
		{719DB3B5-8913-48FA-AA68-AE30F688FFA2}.Debug|Any CPU.Build.0 = Debug|Any CPU
		{719DB3B5-8913-48FA-AA68-AE30F688FFA2}.Release|Any CPU.ActiveCfg = Release|Any CPU
		{719DB3B5-8913-48FA-AA68-AE30F688FFA2}.Release|Any CPU.Build.0 = Release|Any CPU
		{723DA7D2-C7A3-4610-BA00-FBC9D3FF798B}.Debug|Any CPU.ActiveCfg = Debug|Any CPU
		{723DA7D2-C7A3-4610-BA00-FBC9D3FF798B}.Debug|Any CPU.Build.0 = Debug|Any CPU
		{723DA7D2-C7A3-4610-BA00-FBC9D3FF798B}.Release|Any CPU.ActiveCfg = Release|Any CPU
		{723DA7D2-C7A3-4610-BA00-FBC9D3FF798B}.Release|Any CPU.Build.0 = Release|Any CPU
		{7E17693C-381D-4DD9-8D34-429BF941A431}.Debug|Any CPU.ActiveCfg = Debug|Any CPU
		{7E17693C-381D-4DD9-8D34-429BF941A431}.Debug|Any CPU.Build.0 = Debug|Any CPU
		{7E17693C-381D-4DD9-8D34-429BF941A431}.Release|Any CPU.ActiveCfg = Release|Any CPU
		{7E17693C-381D-4DD9-8D34-429BF941A431}.Release|Any CPU.Build.0 = Release|Any CPU
		{CA8A77C8-7DD6-4163-B893-CB5DC6FD7A5B}.Debug|Any CPU.ActiveCfg = Debug|Any CPU
		{CA8A77C8-7DD6-4163-B893-CB5DC6FD7A5B}.Debug|Any CPU.Build.0 = Debug|Any CPU
		{CA8A77C8-7DD6-4163-B893-CB5DC6FD7A5B}.Release|Any CPU.ActiveCfg = Release|Any CPU
		{CA8A77C8-7DD6-4163-B893-CB5DC6FD7A5B}.Release|Any CPU.Build.0 = Release|Any CPU
		{B7721BEF-CF04-4105-8EFD-5EBA96E02C91}.Debug|Any CPU.ActiveCfg = Debug|Any CPU
		{B7721BEF-CF04-4105-8EFD-5EBA96E02C91}.Debug|Any CPU.Build.0 = Debug|Any CPU
		{B7721BEF-CF04-4105-8EFD-5EBA96E02C91}.Release|Any CPU.ActiveCfg = Release|Any CPU
		{B7721BEF-CF04-4105-8EFD-5EBA96E02C91}.Release|Any CPU.Build.0 = Release|Any CPU
		{2B367079-B5DC-45E2-A19D-9A39D67CA1BD}.Debug|Any CPU.ActiveCfg = Debug|Any CPU
		{2B367079-B5DC-45E2-A19D-9A39D67CA1BD}.Debug|Any CPU.Build.0 = Debug|Any CPU
		{2B367079-B5DC-45E2-A19D-9A39D67CA1BD}.Release|Any CPU.ActiveCfg = Release|Any CPU
		{2B367079-B5DC-45E2-A19D-9A39D67CA1BD}.Release|Any CPU.Build.0 = Release|Any CPU
		{B3713DB3-6709-4450-8BAD-C802B756D54A}.Debug|Any CPU.ActiveCfg = Debug|Any CPU
		{B3713DB3-6709-4450-8BAD-C802B756D54A}.Debug|Any CPU.Build.0 = Debug|Any CPU
		{B3713DB3-6709-4450-8BAD-C802B756D54A}.Release|Any CPU.ActiveCfg = Release|Any CPU
		{B3713DB3-6709-4450-8BAD-C802B756D54A}.Release|Any CPU.Build.0 = Release|Any CPU
		{7C97B69D-D398-4909-BF17-668D22252708}.Debug|Any CPU.ActiveCfg = Debug|Any CPU
		{7C97B69D-D398-4909-BF17-668D22252708}.Debug|Any CPU.Build.0 = Debug|Any CPU
		{7C97B69D-D398-4909-BF17-668D22252708}.Release|Any CPU.ActiveCfg = Release|Any CPU
		{7C97B69D-D398-4909-BF17-668D22252708}.Release|Any CPU.Build.0 = Release|Any CPU
		{F040F582-EA6F-494B-B2CD-E2F03D86D036}.Debug|Any CPU.ActiveCfg = Debug|Any CPU
		{F040F582-EA6F-494B-B2CD-E2F03D86D036}.Debug|Any CPU.Build.0 = Debug|Any CPU
		{F040F582-EA6F-494B-B2CD-E2F03D86D036}.Release|Any CPU.ActiveCfg = Release|Any CPU
		{F040F582-EA6F-494B-B2CD-E2F03D86D036}.Release|Any CPU.Build.0 = Release|Any CPU
	EndGlobalSection
	GlobalSection(SolutionProperties) = preSolution
		HideSolutionNode = FALSE
	EndGlobalSection
	GlobalSection(ExtensibilityGlobals) = postSolution
		SolutionGuid = {35DB3E48-E3B8-41AF-99DA-77EA7DDDC3CB}
	EndGlobalSection
EndGlobal
