
Microsoft Visual Studio Solution File, Format Version 12.00
# Visual Studio Version 17
VisualStudioVersion = 17.9.34902.65
MinimumVisualStudioVersion = 10.0.40219.1
Project("{FAE04EC0-301F-11D3-BF4B-00C04F79EFBC}") = "Paskaita_1_OOP_class_constructor", "Paskaita_1_OOP_class_constructor\Paskaita_1_OOP_class_constructor.csproj", "{89C5D902-FB18-4B02-95A8-50E761E1C951}"
EndProject
Global
	GlobalSection(SolutionConfigurationPlatforms) = preSolution
		Debug|Any CPU = Debug|Any CPU
		Release|Any CPU = Release|Any CPU
	EndGlobalSection
	GlobalSection(ProjectConfigurationPlatforms) = postSolution
		{89C5D902-FB18-4B02-95A8-50E761E1C951}.Debug|Any CPU.ActiveCfg = Debug|Any CPU
		{89C5D902-FB18-4B02-95A8-50E761E1C951}.Debug|Any CPU.Build.0 = Debug|Any CPU
		{89C5D902-FB18-4B02-95A8-50E761E1C951}.Release|Any CPU.ActiveCfg = Release|Any CPU
		{89C5D902-FB18-4B02-95A8-50E761E1C951}.Release|Any CPU.Build.0 = Release|Any CPU
	EndGlobalSection
	GlobalSection(SolutionProperties) = preSolution
		HideSolutionNode = FALSE
	EndGlobalSection
	GlobalSection(ExtensibilityGlobals) = postSolution
		SolutionGuid = {35DB3E48-E3B8-41AF-99DA-77EA7DDDC3CB}
	EndGlobalSection
EndGlobal
