
Microsoft Visual Studio Solution File, Format Version 12.00
# Visual Studio Version 17
VisualStudioVersion = 17.11.35208.52
MinimumVisualStudioVersion = 10.0.40219.1
Project("{9A19103F-16F7-4668-BE54-9A1E7A4F7556}") = "Paskaita_3_EntityFramework", "Paskaita_3_EntityFramework\Paskaita_3_EntityFramework.csproj", "{80C4B227-0F10-404A-AA36-5115C76E11A8}"
EndProject
Project("{9A19103F-16F7-4668-BE54-9A1E7A4F7556}") = "Paskaita_6", "Paskaita_6\Paskaita_6.csproj", "{080D5C8F-555F-42CF-842E-835FEC7E9EFE}"
EndProject
Project("{9A19103F-16F7-4668-BE54-9A1E7A4F7556}") = "Paskaita_5_data_seed", "Paskaita_5_data_seed\Paskaita_5_data_seed.csproj", "{DD2585FE-8496-49B4-8A43-E608C6ECAC02}"
EndProject
Project("{9A19103F-16F7-4668-BE54-9A1E7A4F7556}") = "Paskaita_8_ManyToMany", "Paskaita_8_ManyToMany\Paskaita_8_ManyToMany.csproj", "{CEDFF7C2-F90A-4993-BB8C-4DEF83CD961C}"
EndProject
Project("{9A19103F-16F7-4668-BE54-9A1E7A4F7556}") = "Paskaita8_tests", "Paskaita8_tests\Paskaita8_tests.csproj", "{08E8214D-08DE-4D64-87AF-A30CAE35E3FB}"
EndProject
Project("{9A19103F-16F7-4668-BE54-9A1E7A4F7556}") = "Paskaita_8_Uzduotis", "Paskaita_8_Uzduotis\Paskaita_8_Uzduotis.csproj", "{40E7A6B0-23F3-4987-9210-B5379223CF27}"
EndProject
Project("{9A19103F-16F7-4668-BE54-9A1E7A4F7556}") = "Paskaita_9_lazy_eager_loading", "Paskaita_9_lazy_eager_loading\Paskaita_9_lazy_eager_loading.csproj", "{8426B110-178A-4D11-83D1-A2D89896A834}"
EndProject
Project("{9A19103F-16F7-4668-BE54-9A1E7A4F7556}") = "Paskaita_9_Uzduotis", "Paskaita_9_Uzduotis\Paskaita_9_Uzduotis.csproj", "{35984381-D759-4058-B478-E6010284B446}"
EndProject
Project("{9A19103F-16F7-4668-BE54-9A1E7A4F7556}") = "Uzduotis_10", "Uzduotis_10\Uzduotis_10.csproj", "{D8AC5498-FD09-4180-AE6B-336A1A8C5907}"
EndProject
Project("{FAE04EC0-301F-11D3-BF4B-00C04F79EFBC}") = "Uzduotis_10_Tests", "Uzduotis_10_Tests\Uzduotis_10_Tests.csproj", "{C5357D60-D38C-4CB5-9892-3E337E13AC3C}"
EndProject
Global
	GlobalSection(SolutionConfigurationPlatforms) = preSolution
		Debug|Any CPU = Debug|Any CPU
		Release|Any CPU = Release|Any CPU
	EndGlobalSection
	GlobalSection(ProjectConfigurationPlatforms) = postSolution
		{80C4B227-0F10-404A-AA36-5115C76E11A8}.Debug|Any CPU.ActiveCfg = Debug|Any CPU
		{80C4B227-0F10-404A-AA36-5115C76E11A8}.Debug|Any CPU.Build.0 = Debug|Any CPU
		{80C4B227-0F10-404A-AA36-5115C76E11A8}.Release|Any CPU.ActiveCfg = Release|Any CPU
		{80C4B227-0F10-404A-AA36-5115C76E11A8}.Release|Any CPU.Build.0 = Release|Any CPU
		{080D5C8F-555F-42CF-842E-835FEC7E9EFE}.Debug|Any CPU.ActiveCfg = Debug|Any CPU
		{080D5C8F-555F-42CF-842E-835FEC7E9EFE}.Debug|Any CPU.Build.0 = Debug|Any CPU
		{080D5C8F-555F-42CF-842E-835FEC7E9EFE}.Release|Any CPU.ActiveCfg = Release|Any CPU
		{080D5C8F-555F-42CF-842E-835FEC7E9EFE}.Release|Any CPU.Build.0 = Release|Any CPU
		{DD2585FE-8496-49B4-8A43-E608C6ECAC02}.Debug|Any CPU.ActiveCfg = Debug|Any CPU
		{DD2585FE-8496-49B4-8A43-E608C6ECAC02}.Debug|Any CPU.Build.0 = Debug|Any CPU
		{DD2585FE-8496-49B4-8A43-E608C6ECAC02}.Release|Any CPU.ActiveCfg = Release|Any CPU
		{DD2585FE-8496-49B4-8A43-E608C6ECAC02}.Release|Any CPU.Build.0 = Release|Any CPU
		{CEDFF7C2-F90A-4993-BB8C-4DEF83CD961C}.Debug|Any CPU.ActiveCfg = Debug|Any CPU
		{CEDFF7C2-F90A-4993-BB8C-4DEF83CD961C}.Debug|Any CPU.Build.0 = Debug|Any CPU
		{CEDFF7C2-F90A-4993-BB8C-4DEF83CD961C}.Release|Any CPU.ActiveCfg = Release|Any CPU
		{CEDFF7C2-F90A-4993-BB8C-4DEF83CD961C}.Release|Any CPU.Build.0 = Release|Any CPU
		{08E8214D-08DE-4D64-87AF-A30CAE35E3FB}.Debug|Any CPU.ActiveCfg = Debug|Any CPU
		{08E8214D-08DE-4D64-87AF-A30CAE35E3FB}.Debug|Any CPU.Build.0 = Debug|Any CPU
		{08E8214D-08DE-4D64-87AF-A30CAE35E3FB}.Release|Any CPU.ActiveCfg = Release|Any CPU
		{08E8214D-08DE-4D64-87AF-A30CAE35E3FB}.Release|Any CPU.Build.0 = Release|Any CPU
		{40E7A6B0-23F3-4987-9210-B5379223CF27}.Debug|Any CPU.ActiveCfg = Debug|Any CPU
		{40E7A6B0-23F3-4987-9210-B5379223CF27}.Debug|Any CPU.Build.0 = Debug|Any CPU
		{40E7A6B0-23F3-4987-9210-B5379223CF27}.Release|Any CPU.ActiveCfg = Release|Any CPU
		{40E7A6B0-23F3-4987-9210-B5379223CF27}.Release|Any CPU.Build.0 = Release|Any CPU
		{8426B110-178A-4D11-83D1-A2D89896A834}.Debug|Any CPU.ActiveCfg = Debug|Any CPU
		{8426B110-178A-4D11-83D1-A2D89896A834}.Debug|Any CPU.Build.0 = Debug|Any CPU
		{8426B110-178A-4D11-83D1-A2D89896A834}.Release|Any CPU.ActiveCfg = Release|Any CPU
		{8426B110-178A-4D11-83D1-A2D89896A834}.Release|Any CPU.Build.0 = Release|Any CPU
		{35984381-D759-4058-B478-E6010284B446}.Debug|Any CPU.ActiveCfg = Debug|Any CPU
		{35984381-D759-4058-B478-E6010284B446}.Debug|Any CPU.Build.0 = Debug|Any CPU
		{35984381-D759-4058-B478-E6010284B446}.Release|Any CPU.ActiveCfg = Release|Any CPU
		{35984381-D759-4058-B478-E6010284B446}.Release|Any CPU.Build.0 = Release|Any CPU
		{D8AC5498-FD09-4180-AE6B-336A1A8C5907}.Debug|Any CPU.ActiveCfg = Debug|Any CPU
		{D8AC5498-FD09-4180-AE6B-336A1A8C5907}.Debug|Any CPU.Build.0 = Debug|Any CPU
		{D8AC5498-FD09-4180-AE6B-336A1A8C5907}.Release|Any CPU.ActiveCfg = Release|Any CPU
		{D8AC5498-FD09-4180-AE6B-336A1A8C5907}.Release|Any CPU.Build.0 = Release|Any CPU
		{C5357D60-D38C-4CB5-9892-3E337E13AC3C}.Debug|Any CPU.ActiveCfg = Debug|Any CPU
		{C5357D60-D38C-4CB5-9892-3E337E13AC3C}.Debug|Any CPU.Build.0 = Debug|Any CPU
		{C5357D60-D38C-4CB5-9892-3E337E13AC3C}.Release|Any CPU.ActiveCfg = Release|Any CPU
		{C5357D60-D38C-4CB5-9892-3E337E13AC3C}.Release|Any CPU.Build.0 = Release|Any CPU
	EndGlobalSection
	GlobalSection(SolutionProperties) = preSolution
		HideSolutionNode = FALSE
	EndGlobalSection
	GlobalSection(ExtensibilityGlobals) = postSolution
		SolutionGuid = {16A4FDB4-A879-46E4-8469-FC92E7A188A6}
	EndGlobalSection
EndGlobal
